
Microsoft Visual Studio Solution File, Format Version 12.00
# Visual Studio Version 16
VisualStudioVersion = 16.0.29025.244
MinimumVisualStudioVersion = 10.0.40219.1
Project("{FAE04EC0-301F-11D3-BF4B-00C04F79EFBC}") = "SingASong", "SingASong\SingASong.csproj", "{5B198955-D29C-4009-93F7-D19C2F4805EE}"
EndProject
Global
	GlobalSection(SolutionConfigurationPlatforms) = preSolution
		Debug|Any CPU = Debug|Any CPU
		Release|Any CPU = Release|Any CPU
	EndGlobalSection
	GlobalSection(ProjectConfigurationPlatforms) = postSolution
		{5B198955-D29C-4009-93F7-D19C2F4805EE}.Debug|Any CPU.ActiveCfg = Debug|Any CPU
		{5B198955-D29C-4009-93F7-D19C2F4805EE}.Debug|Any CPU.Build.0 = Debug|Any CPU
		{5B198955-D29C-4009-93F7-D19C2F4805EE}.Release|Any CPU.ActiveCfg = Release|Any CPU
		{5B198955-D29C-4009-93F7-D19C2F4805EE}.Release|Any CPU.Build.0 = Release|Any CPU
	EndGlobalSection
	GlobalSection(SolutionProperties) = preSolution
		HideSolutionNode = FALSE
	EndGlobalSection
	GlobalSection(ExtensibilityGlobals) = postSolution
		SolutionGuid = {5F67D244-348B-4E36-8C15-49D60BEDF9B9}
	EndGlobalSection
EndGlobal
